
Microsoft Visual Studio Solution File, Format Version 12.00
# Visual Studio Version 17
VisualStudioVersion = 17.5.002.0
MinimumVisualStudioVersion = 10.0.40219.1
Project("{9A19103F-16F7-4668-BE54-9A1E7A4F7556}") = "BlazorApp", "BlazorApp.csproj", "{3B05001B-7CFF-418B-8B48-0052C4A3821B}"
EndProject
Global
	GlobalSection(SolutionConfigurationPlatforms) = preSolution
		Debug|Any CPU = Debug|Any CPU
		Release|Any CPU = Release|Any CPU
	EndGlobalSection
	GlobalSection(ProjectConfigurationPlatforms) = postSolution
		{3B05001B-7CFF-418B-8B48-0052C4A3821B}.Debug|Any CPU.ActiveCfg = Debug|Any CPU
		{3B05001B-7CFF-418B-8B48-0052C4A3821B}.Debug|Any CPU.Build.0 = Debug|Any CPU
		{3B05001B-7CFF-418B-8B48-0052C4A3821B}.Release|Any CPU.ActiveCfg = Release|Any CPU
		{3B05001B-7CFF-418B-8B48-0052C4A3821B}.Release|Any CPU.Build.0 = Release|Any CPU
	EndGlobalSection
	GlobalSection(SolutionProperties) = preSolution
		HideSolutionNode = FALSE
	EndGlobalSection
	GlobalSection(ExtensibilityGlobals) = postSolution
		SolutionGuid = {63A9810D-81FA-4B22-B594-76AAC7B8A943}
	EndGlobalSection
EndGlobal
