
Microsoft Visual Studio Solution File, Format Version 12.00
# Visual Studio Version 17
VisualStudioVersion = 17.5.002.0
MinimumVisualStudioVersion = 10.0.40219.1
Project("{9A19103F-16F7-4668-BE54-9A1E7A4F7556}") = "AuthSystem", "AuthSystem.csproj", "{A0420A8A-ACD8-4B29-8D3E-CD75300EBDE2}"
EndProject
Global
	GlobalSection(SolutionConfigurationPlatforms) = preSolution
		Debug|Any CPU = Debug|Any CPU
		Release|Any CPU = Release|Any CPU
	EndGlobalSection
	GlobalSection(ProjectConfigurationPlatforms) = postSolution
		{A0420A8A-ACD8-4B29-8D3E-CD75300EBDE2}.Debug|Any CPU.ActiveCfg = Debug|Any CPU
		{A0420A8A-ACD8-4B29-8D3E-CD75300EBDE2}.Debug|Any CPU.Build.0 = Debug|Any CPU
		{A0420A8A-ACD8-4B29-8D3E-CD75300EBDE2}.Release|Any CPU.ActiveCfg = Release|Any CPU
		{A0420A8A-ACD8-4B29-8D3E-CD75300EBDE2}.Release|Any CPU.Build.0 = Release|Any CPU
	EndGlobalSection
	GlobalSection(SolutionProperties) = preSolution
		HideSolutionNode = FALSE
	EndGlobalSection
	GlobalSection(ExtensibilityGlobals) = postSolution
		SolutionGuid = {FACB8410-2CA4-486E-BB6B-F11A3B0BF096}
	EndGlobalSection
EndGlobal
